# This file is autogenerated, do not edit; changes may be undone by the next 'dep ensure'.


[[projects]]
  branch = "master"
  name = "github.com/tidwall/gjson"
  packages = ["."]
  revision = "c784c417818f59d6597274642d8ac1d09efc9b01"

[[projects]]
  branch = "master"
  name = "github.com/tidwall/match"
  packages = ["."]
  revision = "173748da739a410c5b0b813b956f89ff94730b4c"

[solve-meta]
  analyzer-name = "dep"
  analyzer-version = 1
  inputs-digest = "7f9d6a55c6871a25fa8ad5ff569b78c71f4c3f230c762304a49c80e124b0c097"
  solver-name = "gps-cdcl"
  solver-version = 1
